
Microsoft Visual Studio Solution File, Format Version 12.00
# Visual Studio Version 17
VisualStudioVersion = 17.11.35222.181
MinimumVisualStudioVersion = 10.0.40219.1
Project("{FAE04EC0-301F-11D3-BF4B-00C04F79EFBC}") = "Directorio", "Directorio.csproj", "{00A7605C-F478-43F6-9DDE-9D268602CBF2}"
EndProject
Project("{FAE04EC0-301F-11D3-BF4B-00C04F79EFBC}") = "AccesoDatos", "AccesoDatos\AccesoDatos.csproj", "{798EB8CA-F637-4D82-8D56-DEAAC591DAF3}"
EndProject
Project("{FAE04EC0-301F-11D3-BF4B-00C04F79EFBC}") = "Entidades", "Entidades\Entidades.csproj", "{002E6F2E-FA27-4E11-97BA-8BC55FDACF8E}"
EndProject
Global
	GlobalSection(SolutionConfigurationPlatforms) = preSolution
		Debug|Any CPU = Debug|Any CPU
		Release|Any CPU = Release|Any CPU
	EndGlobalSection
	GlobalSection(ProjectConfigurationPlatforms) = postSolution
		{00A7605C-F478-43F6-9DDE-9D268602CBF2}.Debug|Any CPU.ActiveCfg = Debug|Any CPU
		{00A7605C-F478-43F6-9DDE-9D268602CBF2}.Debug|Any CPU.Build.0 = Debug|Any CPU
		{00A7605C-F478-43F6-9DDE-9D268602CBF2}.Release|Any CPU.ActiveCfg = Release|Any CPU
		{00A7605C-F478-43F6-9DDE-9D268602CBF2}.Release|Any CPU.Build.0 = Release|Any CPU
		{798EB8CA-F637-4D82-8D56-DEAAC591DAF3}.Debug|Any CPU.ActiveCfg = Debug|Any CPU
		{798EB8CA-F637-4D82-8D56-DEAAC591DAF3}.Debug|Any CPU.Build.0 = Debug|Any CPU
		{798EB8CA-F637-4D82-8D56-DEAAC591DAF3}.Release|Any CPU.ActiveCfg = Release|Any CPU
		{798EB8CA-F637-4D82-8D56-DEAAC591DAF3}.Release|Any CPU.Build.0 = Release|Any CPU
		{002E6F2E-FA27-4E11-97BA-8BC55FDACF8E}.Debug|Any CPU.ActiveCfg = Debug|Any CPU
		{002E6F2E-FA27-4E11-97BA-8BC55FDACF8E}.Debug|Any CPU.Build.0 = Debug|Any CPU
		{002E6F2E-FA27-4E11-97BA-8BC55FDACF8E}.Release|Any CPU.ActiveCfg = Release|Any CPU
		{002E6F2E-FA27-4E11-97BA-8BC55FDACF8E}.Release|Any CPU.Build.0 = Release|Any CPU
	EndGlobalSection
	GlobalSection(SolutionProperties) = preSolution
		HideSolutionNode = FALSE
	EndGlobalSection
	GlobalSection(ExtensibilityGlobals) = postSolution
		SolutionGuid = {136FD9C5-CB1C-49DF-876C-427EF5EDCDC0}
	EndGlobalSection
EndGlobal
